
Microsoft Visual Studio Solution File, Format Version 12.00
# Visual Studio Version 17
VisualStudioVersion = 17.2.32505.173
MinimumVisualStudioVersion = 10.0.40219.1
Project("{FAE04EC0-301F-11D3-BF4B-00C04F79EFBC}") = "ClientWPF", "ClientWPF\ClientWPF.csproj", "{CBCAAF23-6E5E-4446-A26C-97E138289178}"
EndProject
Global
	GlobalSection(SolutionConfigurationPlatforms) = preSolution
		Debug|Any CPU = Debug|Any CPU
		Release|Any CPU = Release|Any CPU
	EndGlobalSection
	GlobalSection(ProjectConfigurationPlatforms) = postSolution
		{CBCAAF23-6E5E-4446-A26C-97E138289178}.Debug|Any CPU.ActiveCfg = Debug|Any CPU
		{CBCAAF23-6E5E-4446-A26C-97E138289178}.Debug|Any CPU.Build.0 = Debug|Any CPU
		{CBCAAF23-6E5E-4446-A26C-97E138289178}.Release|Any CPU.ActiveCfg = Release|Any CPU
		{CBCAAF23-6E5E-4446-A26C-97E138289178}.Release|Any CPU.Build.0 = Release|Any CPU
	EndGlobalSection
	GlobalSection(SolutionProperties) = preSolution
		HideSolutionNode = FALSE
	EndGlobalSection
	GlobalSection(ExtensibilityGlobals) = postSolution
		SolutionGuid = {3075B012-856C-4A20-A785-7DB6F8932F96}
	EndGlobalSection
EndGlobal
